
Microsoft Visual Studio Solution File, Format Version 12.00
# Visual Studio Version 17
VisualStudioVersion = 17.0.31903.59
MinimumVisualStudioVersion = 10.0.40219.1
Project("{FAE04EC0-301F-11D3-BF4B-00C04F79EFBC}") = "Bluto.Validation.Cli", "src\Bluto.Validation.Cli\Bluto.Validation.Cli.csproj", "{30FB6FF7-18B3-4B40-8580-7392B52D6F8B}"
EndProject
Project("{FAE04EC0-301F-11D3-BF4B-00C04F79EFBC}") = "Bluto.Validation.Tests", "tests\Bluto.Validation.Tests\Bluto.Validation.Tests.csproj", "{8F76E091-68A4-4558-A886-CF56BB217343}"
EndProject
Project("{2150E333-8FDC-42A3-9474-1A3956D46DE8}") = "src", "src", "{827E0CD3-B72D-47B6-A68D-7590B98EB39B}"
EndProject
Project("{FAE04EC0-301F-11D3-BF4B-00C04F79EFBC}") = "Bluto.Domain", "src\Bluto.Domain\Bluto.Domain.csproj", "{2EE6A24E-9FE8-4375-B09B-49CB3C2718C8}"
EndProject
Project("{FAE04EC0-301F-11D3-BF4B-00C04F79EFBC}") = "Bluto.Application", "src\Bluto.Application\Bluto.Application.csproj", "{CFC5DD45-CC02-49CF-92CA-640ED45DCEDF}"
EndProject
Project("{2150E333-8FDC-42A3-9474-1A3956D46DE8}") = "tests", "tests", "{0AB3BF05-4346-4AA6-1389-037BE0695223}"
EndProject
Project("{FAE04EC0-301F-11D3-BF4B-00C04F79EFBC}") = "Bluto.Identity.Tests", "tests\Bluto.Identity.Tests\Bluto.Identity.Tests.csproj", "{D094F0F5-38FA-4B5C-A506-22261F3A5A16}"
EndProject
Project("{FAE04EC0-301F-11D3-BF4B-00C04F79EFBC}") = "Bluto.Infrastructure.Postgres", "src\Bluto.Infrastructure.Postgres\Bluto.Infrastructure.Postgres.csproj", "{87A2F520-E664-4848-A849-13F69755085A}"
EndProject
Project("{FAE04EC0-301F-11D3-BF4B-00C04F79EFBC}") = "Bluto.Persistence.Tests", "tests\Bluto.Persistence.Tests\Bluto.Persistence.Tests.csproj", "{24F1FA60-6AA5-47EC-8099-E2C06B3C67D9}"
EndProject
Project("{FAE04EC0-301F-11D3-BF4B-00C04F79EFBC}") = "Bluto.Api", "src\Bluto.Api\Bluto.Api.csproj", "{1E52369B-9C4D-4043-935D-BDEFC2B98CBB}"
EndProject
Project("{2150E333-8FDC-42A3-9474-1A3956D46DE8}") = "Api", "Api", "{97094B24-3C9A-C0DB-C982-4A4025DE3508}"
EndProject
Project("{FAE04EC0-301F-11D3-BF4B-00C04F79EFBC}") = "Bluto.Api.Tests", "tests\Api\Bluto.Api.Tests.csproj", "{10D985B9-9B90-4ED9-8AFB-885193A41A39}"
EndProject
Project("{2150E333-8FDC-42A3-9474-1A3956D46DE8}") = "Contracts", "Contracts", "{EDF2BF46-81E2-A5E6-BE76-B883454BFB8E}"
EndProject
Project("{FAE04EC0-301F-11D3-BF4B-00C04F79EFBC}") = "Bluto.Contracts.Tests", "tests\Contracts\Bluto.Contracts.Tests.csproj", "{CC5EE593-4DA9-499F-BD63-213DBD8BAB2B}"
EndProject
Project("{FAE04EC0-301F-11D3-BF4B-00C04F79EFBC}") = "Bluto.Worker", "src\Bluto.Worker\Bluto.Worker.csproj", "{C891A4B1-3C92-40CF-90E7-5C9BF0FAB650}"
EndProject
Project("{2150E333-8FDC-42A3-9474-1A3956D46DE8}") = "Worker", "Worker", "{D2C4E413-F9FA-4944-7844-14999BC8C1D0}"
EndProject
Project("{FAE04EC0-301F-11D3-BF4B-00C04F79EFBC}") = "Bluto.Worker.Tests", "tests\Worker\Bluto.Worker.Tests.csproj", "{1C65E65F-1BC4-4DEE-A52C-9B01DD820F82}"
EndProject
Global
	GlobalSection(SolutionConfigurationPlatforms) = preSolution
		Debug|Any CPU = Debug|Any CPU
		Debug|x64 = Debug|x64
		Debug|x86 = Debug|x86
		Release|Any CPU = Release|Any CPU
		Release|x64 = Release|x64
		Release|x86 = Release|x86
	EndGlobalSection
	GlobalSection(ProjectConfigurationPlatforms) = postSolution
		{30FB6FF7-18B3-4B40-8580-7392B52D6F8B}.Debug|Any CPU.ActiveCfg = Debug|Any CPU
		{30FB6FF7-18B3-4B40-8580-7392B52D6F8B}.Debug|Any CPU.Build.0 = Debug|Any CPU
		{30FB6FF7-18B3-4B40-8580-7392B52D6F8B}.Debug|x64.ActiveCfg = Debug|Any CPU
		{30FB6FF7-18B3-4B40-8580-7392B52D6F8B}.Debug|x64.Build.0 = Debug|Any CPU
		{30FB6FF7-18B3-4B40-8580-7392B52D6F8B}.Debug|x86.ActiveCfg = Debug|Any CPU
		{30FB6FF7-18B3-4B40-8580-7392B52D6F8B}.Debug|x86.Build.0 = Debug|Any CPU
		{30FB6FF7-18B3-4B40-8580-7392B52D6F8B}.Release|Any CPU.ActiveCfg = Release|Any CPU
		{30FB6FF7-18B3-4B40-8580-7392B52D6F8B}.Release|Any CPU.Build.0 = Release|Any CPU
		{30FB6FF7-18B3-4B40-8580-7392B52D6F8B}.Release|x64.ActiveCfg = Release|Any CPU
		{30FB6FF7-18B3-4B40-8580-7392B52D6F8B}.Release|x64.Build.0 = Release|Any CPU
		{30FB6FF7-18B3-4B40-8580-7392B52D6F8B}.Release|x86.ActiveCfg = Release|Any CPU
		{30FB6FF7-18B3-4B40-8580-7392B52D6F8B}.Release|x86.Build.0 = Release|Any CPU
		{8F76E091-68A4-4558-A886-CF56BB217343}.Debug|Any CPU.ActiveCfg = Debug|Any CPU
		{8F76E091-68A4-4558-A886-CF56BB217343}.Debug|Any CPU.Build.0 = Debug|Any CPU
		{8F76E091-68A4-4558-A886-CF56BB217343}.Debug|x64.ActiveCfg = Debug|Any CPU
		{8F76E091-68A4-4558-A886-CF56BB217343}.Debug|x64.Build.0 = Debug|Any CPU
		{8F76E091-68A4-4558-A886-CF56BB217343}.Debug|x86.ActiveCfg = Debug|Any CPU
		{8F76E091-68A4-4558-A886-CF56BB217343}.Debug|x86.Build.0 = Debug|Any CPU
		{8F76E091-68A4-4558-A886-CF56BB217343}.Release|Any CPU.ActiveCfg = Release|Any CPU
		{8F76E091-68A4-4558-A886-CF56BB217343}.Release|Any CPU.Build.0 = Release|Any CPU
		{8F76E091-68A4-4558-A886-CF56BB217343}.Release|x64.ActiveCfg = Release|Any CPU
		{8F76E091-68A4-4558-A886-CF56BB217343}.Release|x64.Build.0 = Release|Any CPU
		{8F76E091-68A4-4558-A886-CF56BB217343}.Release|x86.ActiveCfg = Release|Any CPU
		{8F76E091-68A4-4558-A886-CF56BB217343}.Release|x86.Build.0 = Release|Any CPU
		{2EE6A24E-9FE8-4375-B09B-49CB3C2718C8}.Debug|Any CPU.ActiveCfg = Debug|Any CPU
		{2EE6A24E-9FE8-4375-B09B-49CB3C2718C8}.Debug|Any CPU.Build.0 = Debug|Any CPU
		{2EE6A24E-9FE8-4375-B09B-49CB3C2718C8}.Debug|x64.ActiveCfg = Debug|Any CPU
		{2EE6A24E-9FE8-4375-B09B-49CB3C2718C8}.Debug|x64.Build.0 = Debug|Any CPU
		{2EE6A24E-9FE8-4375-B09B-49CB3C2718C8}.Debug|x86.ActiveCfg = Debug|Any CPU
		{2EE6A24E-9FE8-4375-B09B-49CB3C2718C8}.Debug|x86.Build.0 = Debug|Any CPU
		{2EE6A24E-9FE8-4375-B09B-49CB3C2718C8}.Release|Any CPU.ActiveCfg = Release|Any CPU
		{2EE6A24E-9FE8-4375-B09B-49CB3C2718C8}.Release|Any CPU.Build.0 = Release|Any CPU
		{2EE6A24E-9FE8-4375-B09B-49CB3C2718C8}.Release|x64.ActiveCfg = Release|Any CPU
		{2EE6A24E-9FE8-4375-B09B-49CB3C2718C8}.Release|x64.Build.0 = Release|Any CPU
		{2EE6A24E-9FE8-4375-B09B-49CB3C2718C8}.Release|x86.ActiveCfg = Release|Any CPU
		{2EE6A24E-9FE8-4375-B09B-49CB3C2718C8}.Release|x86.Build.0 = Release|Any CPU
		{CFC5DD45-CC02-49CF-92CA-640ED45DCEDF}.Debug|Any CPU.ActiveCfg = Debug|Any CPU
		{CFC5DD45-CC02-49CF-92CA-640ED45DCEDF}.Debug|Any CPU.Build.0 = Debug|Any CPU
		{CFC5DD45-CC02-49CF-92CA-640ED45DCEDF}.Debug|x64.ActiveCfg = Debug|Any CPU
		{CFC5DD45-CC02-49CF-92CA-640ED45DCEDF}.Debug|x64.Build.0 = Debug|Any CPU
		{CFC5DD45-CC02-49CF-92CA-640ED45DCEDF}.Debug|x86.ActiveCfg = Debug|Any CPU
		{CFC5DD45-CC02-49CF-92CA-640ED45DCEDF}.Debug|x86.Build.0 = Debug|Any CPU
		{CFC5DD45-CC02-49CF-92CA-640ED45DCEDF}.Release|Any CPU.ActiveCfg = Release|Any CPU
		{CFC5DD45-CC02-49CF-92CA-640ED45DCEDF}.Release|Any CPU.Build.0 = Release|Any CPU
		{CFC5DD45-CC02-49CF-92CA-640ED45DCEDF}.Release|x64.ActiveCfg = Release|Any CPU
		{CFC5DD45-CC02-49CF-92CA-640ED45DCEDF}.Release|x64.Build.0 = Release|Any CPU
		{CFC5DD45-CC02-49CF-92CA-640ED45DCEDF}.Release|x86.ActiveCfg = Release|Any CPU
		{CFC5DD45-CC02-49CF-92CA-640ED45DCEDF}.Release|x86.Build.0 = Release|Any CPU
		{D094F0F5-38FA-4B5C-A506-22261F3A5A16}.Debug|Any CPU.ActiveCfg = Debug|Any CPU
		{D094F0F5-38FA-4B5C-A506-22261F3A5A16}.Debug|Any CPU.Build.0 = Debug|Any CPU
		{D094F0F5-38FA-4B5C-A506-22261F3A5A16}.Debug|x64.ActiveCfg = Debug|Any CPU
		{D094F0F5-38FA-4B5C-A506-22261F3A5A16}.Debug|x64.Build.0 = Debug|Any CPU
		{D094F0F5-38FA-4B5C-A506-22261F3A5A16}.Debug|x86.ActiveCfg = Debug|Any CPU
		{D094F0F5-38FA-4B5C-A506-22261F3A5A16}.Debug|x86.Build.0 = Debug|Any CPU
		{D094F0F5-38FA-4B5C-A506-22261F3A5A16}.Release|Any CPU.ActiveCfg = Release|Any CPU
		{D094F0F5-38FA-4B5C-A506-22261F3A5A16}.Release|Any CPU.Build.0 = Release|Any CPU
		{D094F0F5-38FA-4B5C-A506-22261F3A5A16}.Release|x64.ActiveCfg = Release|Any CPU
		{D094F0F5-38FA-4B5C-A506-22261F3A5A16}.Release|x64.Build.0 = Release|Any CPU
		{D094F0F5-38FA-4B5C-A506-22261F3A5A16}.Release|x86.ActiveCfg = Release|Any CPU
		{D094F0F5-38FA-4B5C-A506-22261F3A5A16}.Release|x86.Build.0 = Release|Any CPU
		{87A2F520-E664-4848-A849-13F69755085A}.Debug|Any CPU.ActiveCfg = Debug|Any CPU
		{87A2F520-E664-4848-A849-13F69755085A}.Debug|Any CPU.Build.0 = Debug|Any CPU
		{87A2F520-E664-4848-A849-13F69755085A}.Debug|x64.ActiveCfg = Debug|Any CPU
		{87A2F520-E664-4848-A849-13F69755085A}.Debug|x64.Build.0 = Debug|Any CPU
		{87A2F520-E664-4848-A849-13F69755085A}.Debug|x86.ActiveCfg = Debug|Any CPU
		{87A2F520-E664-4848-A849-13F69755085A}.Debug|x86.Build.0 = Debug|Any CPU
		{87A2F520-E664-4848-A849-13F69755085A}.Release|Any CPU.ActiveCfg = Release|Any CPU
		{87A2F520-E664-4848-A849-13F69755085A}.Release|Any CPU.Build.0 = Release|Any CPU
		{87A2F520-E664-4848-A849-13F69755085A}.Release|x64.ActiveCfg = Release|Any CPU
		{87A2F520-E664-4848-A849-13F69755085A}.Release|x64.Build.0 = Release|Any CPU
		{87A2F520-E664-4848-A849-13F69755085A}.Release|x86.ActiveCfg = Release|Any CPU
		{87A2F520-E664-4848-A849-13F69755085A}.Release|x86.Build.0 = Release|Any CPU
		{24F1FA60-6AA5-47EC-8099-E2C06B3C67D9}.Debug|Any CPU.ActiveCfg = Debug|Any CPU
		{24F1FA60-6AA5-47EC-8099-E2C06B3C67D9}.Debug|Any CPU.Build.0 = Debug|Any CPU
		{24F1FA60-6AA5-47EC-8099-E2C06B3C67D9}.Debug|x64.ActiveCfg = Debug|Any CPU
		{24F1FA60-6AA5-47EC-8099-E2C06B3C67D9}.Debug|x64.Build.0 = Debug|Any CPU
		{24F1FA60-6AA5-47EC-8099-E2C06B3C67D9}.Debug|x86.ActiveCfg = Debug|Any CPU
		{24F1FA60-6AA5-47EC-8099-E2C06B3C67D9}.Debug|x86.Build.0 = Debug|Any CPU
		{24F1FA60-6AA5-47EC-8099-E2C06B3C67D9}.Release|Any CPU.ActiveCfg = Release|Any CPU
		{24F1FA60-6AA5-47EC-8099-E2C06B3C67D9}.Release|Any CPU.Build.0 = Release|Any CPU
		{24F1FA60-6AA5-47EC-8099-E2C06B3C67D9}.Release|x64.ActiveCfg = Release|Any CPU
		{24F1FA60-6AA5-47EC-8099-E2C06B3C67D9}.Release|x64.Build.0 = Release|Any CPU
		{24F1FA60-6AA5-47EC-8099-E2C06B3C67D9}.Release|x86.ActiveCfg = Release|Any CPU
		{24F1FA60-6AA5-47EC-8099-E2C06B3C67D9}.Release|x86.Build.0 = Release|Any CPU
		{1E52369B-9C4D-4043-935D-BDEFC2B98CBB}.Debug|Any CPU.ActiveCfg = Debug|Any CPU
		{1E52369B-9C4D-4043-935D-BDEFC2B98CBB}.Debug|Any CPU.Build.0 = Debug|Any CPU
		{1E52369B-9C4D-4043-935D-BDEFC2B98CBB}.Debug|x64.ActiveCfg = Debug|Any CPU
		{1E52369B-9C4D-4043-935D-BDEFC2B98CBB}.Debug|x64.Build.0 = Debug|Any CPU
		{1E52369B-9C4D-4043-935D-BDEFC2B98CBB}.Debug|x86.ActiveCfg = Debug|Any CPU
		{1E52369B-9C4D-4043-935D-BDEFC2B98CBB}.Debug|x86.Build.0 = Debug|Any CPU
		{1E52369B-9C4D-4043-935D-BDEFC2B98CBB}.Release|Any CPU.ActiveCfg = Release|Any CPU
		{1E52369B-9C4D-4043-935D-BDEFC2B98CBB}.Release|Any CPU.Build.0 = Release|Any CPU
		{1E52369B-9C4D-4043-935D-BDEFC2B98CBB}.Release|x64.ActiveCfg = Release|Any CPU
		{1E52369B-9C4D-4043-935D-BDEFC2B98CBB}.Release|x64.Build.0 = Release|Any CPU
		{1E52369B-9C4D-4043-935D-BDEFC2B98CBB}.Release|x86.ActiveCfg = Release|Any CPU
		{1E52369B-9C4D-4043-935D-BDEFC2B98CBB}.Release|x86.Build.0 = Release|Any CPU
		{10D985B9-9B90-4ED9-8AFB-885193A41A39}.Debug|Any CPU.ActiveCfg = Debug|Any CPU
		{10D985B9-9B90-4ED9-8AFB-885193A41A39}.Debug|Any CPU.Build.0 = Debug|Any CPU
		{10D985B9-9B90-4ED9-8AFB-885193A41A39}.Debug|x64.ActiveCfg = Debug|Any CPU
		{10D985B9-9B90-4ED9-8AFB-885193A41A39}.Debug|x64.Build.0 = Debug|Any CPU
		{10D985B9-9B90-4ED9-8AFB-885193A41A39}.Debug|x86.ActiveCfg = Debug|Any CPU
		{10D985B9-9B90-4ED9-8AFB-885193A41A39}.Debug|x86.Build.0 = Debug|Any CPU
		{10D985B9-9B90-4ED9-8AFB-885193A41A39}.Release|Any CPU.ActiveCfg = Release|Any CPU
		{10D985B9-9B90-4ED9-8AFB-885193A41A39}.Release|Any CPU.Build.0 = Release|Any CPU
		{10D985B9-9B90-4ED9-8AFB-885193A41A39}.Release|x64.ActiveCfg = Release|Any CPU
		{10D985B9-9B90-4ED9-8AFB-885193A41A39}.Release|x64.Build.0 = Release|Any CPU
		{10D985B9-9B90-4ED9-8AFB-885193A41A39}.Release|x86.ActiveCfg = Release|Any CPU
		{10D985B9-9B90-4ED9-8AFB-885193A41A39}.Release|x86.Build.0 = Release|Any CPU
		{CC5EE593-4DA9-499F-BD63-213DBD8BAB2B}.Debug|Any CPU.ActiveCfg = Debug|Any CPU
		{CC5EE593-4DA9-499F-BD63-213DBD8BAB2B}.Debug|Any CPU.Build.0 = Debug|Any CPU
		{CC5EE593-4DA9-499F-BD63-213DBD8BAB2B}.Debug|x64.ActiveCfg = Debug|Any CPU
		{CC5EE593-4DA9-499F-BD63-213DBD8BAB2B}.Debug|x64.Build.0 = Debug|Any CPU
		{CC5EE593-4DA9-499F-BD63-213DBD8BAB2B}.Debug|x86.ActiveCfg = Debug|Any CPU
		{CC5EE593-4DA9-499F-BD63-213DBD8BAB2B}.Debug|x86.Build.0 = Debug|Any CPU
		{CC5EE593-4DA9-499F-BD63-213DBD8BAB2B}.Release|Any CPU.ActiveCfg = Release|Any CPU
		{CC5EE593-4DA9-499F-BD63-213DBD8BAB2B}.Release|Any CPU.Build.0 = Release|Any CPU
		{CC5EE593-4DA9-499F-BD63-213DBD8BAB2B}.Release|x64.ActiveCfg = Release|Any CPU
		{CC5EE593-4DA9-499F-BD63-213DBD8BAB2B}.Release|x64.Build.0 = Release|Any CPU
		{CC5EE593-4DA9-499F-BD63-213DBD8BAB2B}.Release|x86.ActiveCfg = Release|Any CPU
		{CC5EE593-4DA9-499F-BD63-213DBD8BAB2B}.Release|x86.Build.0 = Release|Any CPU
		{C891A4B1-3C92-40CF-90E7-5C9BF0FAB650}.Debug|Any CPU.ActiveCfg = Debug|Any CPU
		{C891A4B1-3C92-40CF-90E7-5C9BF0FAB650}.Debug|Any CPU.Build.0 = Debug|Any CPU
		{C891A4B1-3C92-40CF-90E7-5C9BF0FAB650}.Debug|x64.ActiveCfg = Debug|Any CPU
		{C891A4B1-3C92-40CF-90E7-5C9BF0FAB650}.Debug|x64.Build.0 = Debug|Any CPU
		{C891A4B1-3C92-40CF-90E7-5C9BF0FAB650}.Debug|x86.ActiveCfg = Debug|Any CPU
		{C891A4B1-3C92-40CF-90E7-5C9BF0FAB650}.Debug|x86.Build.0 = Debug|Any CPU
		{C891A4B1-3C92-40CF-90E7-5C9BF0FAB650}.Release|Any CPU.ActiveCfg = Release|Any CPU
		{C891A4B1-3C92-40CF-90E7-5C9BF0FAB650}.Release|Any CPU.Build.0 = Release|Any CPU
		{C891A4B1-3C92-40CF-90E7-5C9BF0FAB650}.Release|x64.ActiveCfg = Release|Any CPU
		{C891A4B1-3C92-40CF-90E7-5C9BF0FAB650}.Release|x64.Build.0 = Release|Any CPU
		{C891A4B1-3C92-40CF-90E7-5C9BF0FAB650}.Release|x86.ActiveCfg = Release|Any CPU
		{C891A4B1-3C92-40CF-90E7-5C9BF0FAB650}.Release|x86.Build.0 = Release|Any CPU
		{1C65E65F-1BC4-4DEE-A52C-9B01DD820F82}.Debug|Any CPU.ActiveCfg = Debug|Any CPU
		{1C65E65F-1BC4-4DEE-A52C-9B01DD820F82}.Debug|Any CPU.Build.0 = Debug|Any CPU
		{1C65E65F-1BC4-4DEE-A52C-9B01DD820F82}.Debug|x64.ActiveCfg = Debug|Any CPU
		{1C65E65F-1BC4-4DEE-A52C-9B01DD820F82}.Debug|x64.Build.0 = Debug|Any CPU
		{1C65E65F-1BC4-4DEE-A52C-9B01DD820F82}.Debug|x86.ActiveCfg = Debug|Any CPU
		{1C65E65F-1BC4-4DEE-A52C-9B01DD820F82}.Debug|x86.Build.0 = Debug|Any CPU
		{1C65E65F-1BC4-4DEE-A52C-9B01DD820F82}.Release|Any CPU.ActiveCfg = Release|Any CPU
		{1C65E65F-1BC4-4DEE-A52C-9B01DD820F82}.Release|Any CPU.Build.0 = Release|Any CPU
		{1C65E65F-1BC4-4DEE-A52C-9B01DD820F82}.Release|x64.ActiveCfg = Release|Any CPU
		{1C65E65F-1BC4-4DEE-A52C-9B01DD820F82}.Release|x64.Build.0 = Release|Any CPU
		{1C65E65F-1BC4-4DEE-A52C-9B01DD820F82}.Release|x86.ActiveCfg = Release|Any CPU
		{1C65E65F-1BC4-4DEE-A52C-9B01DD820F82}.Release|x86.Build.0 = Release|Any CPU
	EndGlobalSection
	GlobalSection(SolutionProperties) = preSolution
		HideSolutionNode = FALSE
	EndGlobalSection
	GlobalSection(NestedProjects) = preSolution
		{2EE6A24E-9FE8-4375-B09B-49CB3C2718C8} = {827E0CD3-B72D-47B6-A68D-7590B98EB39B}
		{CFC5DD45-CC02-49CF-92CA-640ED45DCEDF} = {827E0CD3-B72D-47B6-A68D-7590B98EB39B}
		{D094F0F5-38FA-4B5C-A506-22261F3A5A16} = {0AB3BF05-4346-4AA6-1389-037BE0695223}
		{87A2F520-E664-4848-A849-13F69755085A} = {827E0CD3-B72D-47B6-A68D-7590B98EB39B}
		{24F1FA60-6AA5-47EC-8099-E2C06B3C67D9} = {0AB3BF05-4346-4AA6-1389-037BE0695223}
		{1E52369B-9C4D-4043-935D-BDEFC2B98CBB} = {827E0CD3-B72D-47B6-A68D-7590B98EB39B}
		{97094B24-3C9A-C0DB-C982-4A4025DE3508} = {0AB3BF05-4346-4AA6-1389-037BE0695223}
		{10D985B9-9B90-4ED9-8AFB-885193A41A39} = {97094B24-3C9A-C0DB-C982-4A4025DE3508}
		{EDF2BF46-81E2-A5E6-BE76-B883454BFB8E} = {0AB3BF05-4346-4AA6-1389-037BE0695223}
		{CC5EE593-4DA9-499F-BD63-213DBD8BAB2B} = {EDF2BF46-81E2-A5E6-BE76-B883454BFB8E}
		{C891A4B1-3C92-40CF-90E7-5C9BF0FAB650} = {827E0CD3-B72D-47B6-A68D-7590B98EB39B}
		{D2C4E413-F9FA-4944-7844-14999BC8C1D0} = {0AB3BF05-4346-4AA6-1389-037BE0695223}
		{1C65E65F-1BC4-4DEE-A52C-9B01DD820F82} = {D2C4E413-F9FA-4944-7844-14999BC8C1D0}
	EndGlobalSection
EndGlobal
